PODS:
  - AFNetworking (3.1.0):
    - AFNetworking/NSURLSession (= 3.1.0)
    - AFNetworking/Reachability (= 3.1.0)
    - AFNetworking/Security (= 3.1.0)
    - AFNetworking/Serialization (= 3.1.0)
    - AFNetworking/UIKit (= 3.1.0)
  - AFNetworking/NSURLSession (3.1.0):
    - AFNetworking/Reachability
    - AFNetworking/Security
    - AFNetworking/Serialization
  - AFNetworking/Reachability (3.1.0)
  - AFNetworking/Security (3.1.0)
  - AFNetworking/Serialization (3.1.0)
  - AFNetworking/UIKit (3.1.0):
    - AFNetworking/NSURLSession
  - REFrostedViewController (2.4.8)
  - SGNavigationProgress (1.2)

DEPENDENCIES:
  - AFNetworking
  - REFrostedViewController
  - SGNavigationProgress

SPEC CHECKSUMS:
  AFNetworking: 5e0e199f73d8626b11e79750991f5d173d1f8b67
  REFrostedViewController: a893b4979ba1f200c547aef9ff4c3fd5a18f5923
  SGNavigationProgress: f04e3bd0058c53e1172ee020b5239f22aa9e4a0f

PODFILE CHECKSUM: a0629ac1c38b93907e5bcd31f35ae37a3d6cf1f9

COCOAPODS: 1.1.1
